
Microsoft Visual Studio Solution File, Format Version 12.00
# Visual Studio Version 17
VisualStudioVersion = 17.14.36518.9
MinimumVisualStudioVersion = 10.0.40219.1
Project("{FAE04EC0-301F-11D3-BF4B-00C04F79EFBC}") = "Northwind.EntityModels", "Northwind.EntityModels\Northwind.EntityModels.csproj", "{1E2F40DB-396C-400E-8FE9-9CC40D363996}"
EndProject
Project("{FAE04EC0-301F-11D3-BF4B-00C04F79EFBC}") = "Northwind.DataContext", "Northwind.DataContext\Northwind.DataContext.csproj", "{6795923B-5B0E-4C01-81CE-6FB6C92396B7}"
EndProject
Project("{FAE04EC0-301F-11D3-BF4B-00C04F79EFBC}") = "Northwind.UnitTests", "Northwind.UnitTests\Northwind.UnitTests.csproj", "{5451CD34-DE0A-476E-B333-7012448C8B1E}"
EndProject
Global
	GlobalSection(SolutionConfigurationPlatforms) = preSolution
		Debug|Any CPU = Debug|Any CPU
		Release|Any CPU = Release|Any CPU
	EndGlobalSection
	GlobalSection(ProjectConfigurationPlatforms) = postSolution
		{1E2F40DB-396C-400E-8FE9-9CC40D363996}.Debug|Any CPU.ActiveCfg = Debug|Any CPU
		{1E2F40DB-396C-400E-8FE9-9CC40D363996}.Debug|Any CPU.Build.0 = Debug|Any CPU
		{1E2F40DB-396C-400E-8FE9-9CC40D363996}.Release|Any CPU.ActiveCfg = Release|Any CPU
		{1E2F40DB-396C-400E-8FE9-9CC40D363996}.Release|Any CPU.Build.0 = Release|Any CPU
		{6795923B-5B0E-4C01-81CE-6FB6C92396B7}.Debug|Any CPU.ActiveCfg = Debug|Any CPU
		{6795923B-5B0E-4C01-81CE-6FB6C92396B7}.Debug|Any CPU.Build.0 = Debug|Any CPU
		{6795923B-5B0E-4C01-81CE-6FB6C92396B7}.Release|Any CPU.ActiveCfg = Release|Any CPU
		{6795923B-5B0E-4C01-81CE-6FB6C92396B7}.Release|Any CPU.Build.0 = Release|Any CPU
		{5451CD34-DE0A-476E-B333-7012448C8B1E}.Debug|Any CPU.ActiveCfg = Debug|Any CPU
		{5451CD34-DE0A-476E-B333-7012448C8B1E}.Debug|Any CPU.Build.0 = Debug|Any CPU
		{5451CD34-DE0A-476E-B333-7012448C8B1E}.Release|Any CPU.ActiveCfg = Release|Any CPU
		{5451CD34-DE0A-476E-B333-7012448C8B1E}.Release|Any CPU.Build.0 = Release|Any CPU
	EndGlobalSection
	GlobalSection(SolutionProperties) = preSolution
		HideSolutionNode = FALSE
	EndGlobalSection
	GlobalSection(ExtensibilityGlobals) = postSolution
		SolutionGuid = {357843A4-8E4A-47F0-B7CB-4DE50980737E}
	EndGlobalSection
EndGlobal
